
Microsoft Visual Studio Solution File, Format Version 12.00
# Visual Studio 15
VisualStudioVersion = 15.0.26228.12
MinimumVisualStudioVersion = 10.0.40219.1
Project("{2150E333-8FDC-42A3-9474-1A3956D46DE8}") = "src", "src", "{BCBEE5D8-A791-412F-8525-BDDDD3BA22B7}"
EndProject
Project("{2150E333-8FDC-42A3-9474-1A3956D46DE8}") = "Solution Items", "Solution Items", "{3CAE4250-7651-4C12-8C7B-939581BA9902}"
	ProjectSection(SolutionItems) = preProject
		.editorconfig = .editorconfig
		.gitattributes = .gitattributes
		.gitignore = .gitignore
		LICENSE = LICENSE
		README.md = README.md
	EndProjectSection
EndProject
Project("{9A19103F-16F7-4668-BE54-9A1E7A4F7556}") = "TestStack.BDDfy.Xunit", "src\TestStack.BDDfy.Xunit\TestStack.BDDfy.Xunit.csproj", "{7FB2B61B-79BB-482E-9BDE-93A4B3DB9D1C}"
EndProject
Global
	GlobalSection(SolutionConfigurationPlatforms) = preSolution
		Debug|Any CPU = Debug|Any CPU
		Release|Any CPU = Release|Any CPU
	EndGlobalSection
	GlobalSection(ProjectConfigurationPlatforms) = postSolution
		{7FB2B61B-79BB-482E-9BDE-93A4B3DB9D1C}.Debug|Any CPU.ActiveCfg = Debug|Any CPU
		{7FB2B61B-79BB-482E-9BDE-93A4B3DB9D1C}.Debug|Any CPU.Build.0 = Debug|Any CPU
		{7FB2B61B-79BB-482E-9BDE-93A4B3DB9D1C}.Release|Any CPU.ActiveCfg = Release|Any CPU
		{7FB2B61B-79BB-482E-9BDE-93A4B3DB9D1C}.Release|Any CPU.Build.0 = Release|Any CPU
	EndGlobalSection
	GlobalSection(SolutionProperties) = preSolution
		HideSolutionNode = FALSE
	EndGlobalSection
	GlobalSection(NestedProjects) = preSolution
		{7FB2B61B-79BB-482E-9BDE-93A4B3DB9D1C} = {BCBEE5D8-A791-412F-8525-BDDDD3BA22B7}
	EndGlobalSection
EndGlobal
